
Microsoft Visual Studio Solution File, Format Version 12.00
# Visual Studio Version 17
VisualStudioVersion = 17.8.34330.188
MinimumVisualStudioVersion = 10.0.40219.1
Project("{FAE04EC0-301F-11D3-BF4B-00C04F79EFBC}") = "OS_Lab3", "OS_Lab3\OS_Lab3.csproj", "{58496670-3D45-4FBF-BE14-F5B11ACF4C3B}"
EndProject
Global
	GlobalSection(SolutionConfigurationPlatforms) = preSolution
		Debug|Any CPU = Debug|Any CPU
		Release|Any CPU = Release|Any CPU
	EndGlobalSection
	GlobalSection(ProjectConfigurationPlatforms) = postSolution
		{58496670-3D45-4FBF-BE14-F5B11ACF4C3B}.Debug|Any CPU.ActiveCfg = Debug|Any CPU
		{58496670-3D45-4FBF-BE14-F5B11ACF4C3B}.Debug|Any CPU.Build.0 = Debug|Any CPU
		{58496670-3D45-4FBF-BE14-F5B11ACF4C3B}.Release|Any CPU.ActiveCfg = Release|Any CPU
		{58496670-3D45-4FBF-BE14-F5B11ACF4C3B}.Release|Any CPU.Build.0 = Release|Any CPU
	EndGlobalSection
	GlobalSection(SolutionProperties) = preSolution
		HideSolutionNode = FALSE
	EndGlobalSection
	GlobalSection(ExtensibilityGlobals) = postSolution
		SolutionGuid = {EED31F60-F450-4D9D-888F-ABC0F505EC11}
	EndGlobalSection
EndGlobal
